PODS:
  - FlutterMacOS (1.0.0)
  - geolocator_apple (1.2.0):
    - FlutterMacOS
  - location (0.0.1):
    - FlutterMacOS
  - sqflite (0.0.3):
    - Flutter
    - FlutterMacOS

DEPENDENCIES:
  - FlutterMacOS (from `Flutter/ephemeral`)
  - geolocator_apple (from `Flutter/ephemeral/.symlinks/plugins/geolocator_apple/macos`)
  - location (from `Flutter/ephemeral/.symlinks/plugins/location/macos`)
  - sqflite (from `Flutter/ephemeral/.symlinks/plugins/sqflite/darwin`)

EXTERNAL SOURCES:
  FlutterMacOS:
    :path: Flutter/ephemeral
  geolocator_apple:
    :path: Flutter/ephemeral/.symlinks/plugins/geolocator_apple/macos
  location:
    :path: Flutter/ephemeral/.symlinks/plugins/location/macos
  sqflite:
    :path: Flutter/ephemeral/.symlinks/plugins/sqflite/darwin

SPEC CHECKSUMS:
  FlutterMacOS: d0db08ddef1a9af05a5ec4b724367152bb0500b1
  geolocator_apple: ccfb79d5250de3a295f5093cd03e76aa8836a416
  location: c002b64375c0739e7afa30cbd0b675554830d208
  sqflite: c35dad70033b8862124f8337cc994a809fcd9fa3

PODFILE CHECKSUM: 54d867c82ac51cbd61b565781b9fada492027009

COCOAPODS: 1.16.2
